<?xml version="1.0" encoding="utf-8"?>
<Project ToolsVersion="4.0" xmlns="http://schemas.microsoft.com/developer/msbuild/2003">
  <ItemGroup>
    <Filter Include="Source Files">
      <UniqueIdentifier>{4FC737F1-C7A5-4376-A066-2A32D752A2FF}</UniqueIdentifier>
      <Extensions>cpp;c;cc;cxx;def;odl;idl;hpj;bat;asm;asmx</Extensions>
    </Filter>
    <Filter Include="Header Files">
      <UniqueIdentifier>{93995380-89BD-4b04-88EB-625FBE52EBFB}</UniqueIdentifier>
      <Extensions>h;hpp;hxx;hm;inl;inc;xsd</Extensions>
    </Filter>
    <Filter Include="Resource Files">
      <UniqueIdentifier>{67DA6AB6-F800-4c08-8B7A-83BB121AAD01}</UniqueIdentifier>
      <Extensions>rc;ico;cur;bmp;dlg;rc2;rct;bin;rgs;gif;jpg;jpeg;jpe;resx;tiff;tif;png;wav;mfcribbon-ms</Extensions>
    </Filter>
  </ItemGroup>
  <ItemGroup>
    <ClCompile Include="Code\main.cpp">
      <Filter>Source Files</Filter>
    </ClCompile>
    <ClCompile Include="Code\Framework\Window.cpp">
      <Filter>Source Files</Filter>
    </ClCompile>
    <ClCompile Include="Code\Libs\r2tk\r2-assert.cpp">
      <Filter>Source Files</Filter>
    </ClCompile>
    <ClCompile Include="Code\Libs\r2tk\r2-exception.cpp">
      <Filter>Source Files</Filter>
    </ClCompile>
    <ClCompile Include="Code\Framework\InputManager.cpp">
      <Filter>Source Files</Filter>
    </ClCompile>
    <ClCompile Include="Code\Framework\DisplayCapabilities.cpp">
      <Filter>Source Files</Filter>
    </ClCompile>
    <ClCompile Include="Code\Framework\D3DInclude.cpp">
      <Filter>Source Files</Filter>
    </ClCompile>
    <ClCompile Include="Code\Framework\D3DWrapper.cpp">
      <Filter>Source Files</Filter>
    </ClCompile>
    <ClCompile Include="Code\Framework\Game.cpp">
      <Filter>Source Files</Filter>
    </ClCompile>
    <ClCompile Include="Code\WarSettlers.cpp">
      <Filter>Source Files</Filter>
    </ClCompile>
    <ClCompile Include="Code\Utility\Logger.cpp">
      <Filter>Source Files</Filter>
    </ClCompile>
    <ClCompile Include="Code\Framework\GameTimer.cpp">
      <Filter>Source Files</Filter>
    </ClCompile>
  </ItemGroup>
  <ItemGroup>
    <ClInclude Include="Code\Framework\Window.hpp">
      <Filter>Header Files</Filter>
    </ClInclude>
    <ClInclude Include="Code\Libs\r2tk\r2-assert.hpp">
      <Filter>Header Files</Filter>
    </ClInclude>
    <ClInclude Include="Code\Libs\r2tk\r2-exception.hpp">
      <Filter>Header Files</Filter>
    </ClInclude>
    <ClInclude Include="Code\Libs\r2tk\r2-global.hpp">
      <Filter>Header Files</Filter>
    </ClInclude>
    <ClInclude Include="Code\Libs\r2tk\r2-singleton.hpp">
      <Filter>Header Files</Filter>
    </ClInclude>
    <ClInclude Include="Code\Framework\WinInclude.hpp">
      <Filter>Header Files</Filter>
    </ClInclude>
    <ClInclude Include="Code\Framework\InputManager.hpp">
      <Filter>Header Files</Filter>
    </ClInclude>
    <ClInclude Include="Code\Framework\D3DInclude.hpp">
      <Filter>Header Files</Filter>
    </ClInclude>
    <ClInclude Include="Code\Framework\COMResource.hpp">
      <Filter>Header Files</Filter>
    </ClInclude>
    <ClInclude Include="Code\Framework\Global.hpp">
      <Filter>Header Files</Filter>
    </ClInclude>
    <ClInclude Include="Code\Framework\DisplayCapabilities.hpp">
      <Filter>Header Files</Filter>
    </ClInclude>
    <ClInclude Include="Code\Framework\D3DWrapper.hpp">
      <Filter>Header Files</Filter>
    </ClInclude>
    <ClInclude Include="Code\Framework\Game.hpp">
      <Filter>Header Files</Filter>
    </ClInclude>
    <ClInclude Include="Code\WarSettlers.hpp">
      <Filter>Header Files</Filter>
    </ClInclude>
    <ClInclude Include="Code\Utility\Logger.hpp">
      <Filter>Header Files</Filter>
    </ClInclude>
    <ClInclude Include="Code\Framework\GameTimer.hpp">
		<Filter>Header Files</Filter>
	</ClInclude>
    <ClInclude Include="Code\Libs\Effects11\d3dx11dbg.h">
      <Filter>Header Files</Filter>
    </ClInclude>
    <ClInclude Include="Code\Libs\Effects11\d3dxGlobal.h">
      <Filter>Header Files</Filter>
    </ClInclude>
    <ClInclude Include="Code\Libs\Effects11\d3dx11effect.h">
      <Filter>Header Files</Filter>
    </ClInclude>
  </ItemGroup>
  <ItemGroup>
    <None Include=".gitignore" />
    <None Include="COPYING.txt" />
    <None Include="README.txt" />
    <None Include="push.sh" />
    <None Include="pull.sh" />
    <None Include="Resources\Effects\BasicColor.fx" />
  </ItemGroup>
</Project>